
Microsoft Visual Studio Solution File, Format Version 12.00
# Visual Studio Version 17
VisualStudioVersion = 17.7.34031.279
MinimumVisualStudioVersion = 10.0.40219.1
Project("{FAE04EC0-301F-11D3-BF4B-00C04F79EFBC}") = "WhileLusOpdracht6", "WhileLusOpdracht6\WhileLusOpdracht6.csproj", "{0CFAC876-B21D-44E1-8A32-7E61D68C8985}"
EndProject
Global
	GlobalSection(SolutionConfigurationPlatforms) = preSolution
		Debug|Any CPU = Debug|Any CPU
		Release|Any CPU = Release|Any CPU
	EndGlobalSection
	GlobalSection(ProjectConfigurationPlatforms) = postSolution
		{0CFAC876-B21D-44E1-8A32-7E61D68C8985}.Debug|Any CPU.ActiveCfg = Debug|Any CPU
		{0CFAC876-B21D-44E1-8A32-7E61D68C8985}.Debug|Any CPU.Build.0 = Debug|Any CPU
		{0CFAC876-B21D-44E1-8A32-7E61D68C8985}.Release|Any CPU.ActiveCfg = Release|Any CPU
		{0CFAC876-B21D-44E1-8A32-7E61D68C8985}.Release|Any CPU.Build.0 = Release|Any CPU
	EndGlobalSection
	GlobalSection(SolutionProperties) = preSolution
		HideSolutionNode = FALSE
	EndGlobalSection
	GlobalSection(ExtensibilityGlobals) = postSolution
		SolutionGuid = {1EEFD20F-0AB2-440C-8DFF-CE223B72F857}
	EndGlobalSection
EndGlobal
