
Microsoft Visual Studio Solution File, Format Version 12.00
# Visual Studio Version 17
VisualStudioVersion = 17.7.34031.279
MinimumVisualStudioVersion = 10.0.40219.1
Project("{FAE04EC0-301F-11D3-BF4B-00C04F79EFBC}") = "Les5Opdracht2", "Les5Opdracht2\Les5Opdracht2.csproj", "{972467FB-F0D2-4C84-94CE-132DB109794E}"
EndProject
Global
	GlobalSection(SolutionConfigurationPlatforms) = preSolution
		Debug|Any CPU = Debug|Any CPU
		Release|Any CPU = Release|Any CPU
	EndGlobalSection
	GlobalSection(ProjectConfigurationPlatforms) = postSolution
		{972467FB-F0D2-4C84-94CE-132DB109794E}.Debug|Any CPU.ActiveCfg = Debug|Any CPU
		{972467FB-F0D2-4C84-94CE-132DB109794E}.Debug|Any CPU.Build.0 = Debug|Any CPU
		{972467FB-F0D2-4C84-94CE-132DB109794E}.Release|Any CPU.ActiveCfg = Release|Any CPU
		{972467FB-F0D2-4C84-94CE-132DB109794E}.Release|Any CPU.Build.0 = Release|Any CPU
	EndGlobalSection
	GlobalSection(SolutionProperties) = preSolution
		HideSolutionNode = FALSE
	EndGlobalSection
	GlobalSection(ExtensibilityGlobals) = postSolution
		SolutionGuid = {8B6119A9-7E20-43A0-90DF-6FD1D7F6DCC8}
	EndGlobalSection
EndGlobal
