
Microsoft Visual Studio Solution File, Format Version 12.00
# Visual Studio Version 17
VisualStudioVersion = 17.7.34031.279
MinimumVisualStudioVersion = 10.0.40219.1
Project("{FAE04EC0-301F-11D3-BF4B-00C04F79EFBC}") = "Les3Opdracht2", "Les3Opdracht2\Les3Opdracht2.csproj", "{9637510C-5A25-41B4-8A3B-17C4536DFE53}"
EndProject
Global
	GlobalSection(SolutionConfigurationPlatforms) = preSolution
		Debug|Any CPU = Debug|Any CPU
		Release|Any CPU = Release|Any CPU
	EndGlobalSection
	GlobalSection(ProjectConfigurationPlatforms) = postSolution
		{9637510C-5A25-41B4-8A3B-17C4536DFE53}.Debug|Any CPU.ActiveCfg = Debug|Any CPU
		{9637510C-5A25-41B4-8A3B-17C4536DFE53}.Debug|Any CPU.Build.0 = Debug|Any CPU
		{9637510C-5A25-41B4-8A3B-17C4536DFE53}.Release|Any CPU.ActiveCfg = Release|Any CPU
		{9637510C-5A25-41B4-8A3B-17C4536DFE53}.Release|Any CPU.Build.0 = Release|Any CPU
	EndGlobalSection
	GlobalSection(SolutionProperties) = preSolution
		HideSolutionNode = FALSE
	EndGlobalSection
	GlobalSection(ExtensibilityGlobals) = postSolution
		SolutionGuid = {4057C08C-3B10-4DD5-A1B5-0026AE0DE420}
	EndGlobalSection
EndGlobal
