
Microsoft Visual Studio Solution File, Format Version 12.00
# Visual Studio Version 17
VisualStudioVersion = 17.7.34031.279
MinimumVisualStudioVersion = 10.0.40219.1
Project("{FAE04EC0-301F-11D3-BF4B-00C04F79EFBC}") = "JustinMunkOperatorenBooleans4", "JustinMunkOperatorenBooleans4\JustinMunkOperatorenBooleans4.csproj", "{CCC6EC3A-9208-41C5-9B54-788D7BFC5AF6}"
EndProject
Global
	GlobalSection(SolutionConfigurationPlatforms) = preSolution
		Debug|Any CPU = Debug|Any CPU
		Release|Any CPU = Release|Any CPU
	EndGlobalSection
	GlobalSection(ProjectConfigurationPlatforms) = postSolution
		{CCC6EC3A-9208-41C5-9B54-788D7BFC5AF6}.Debug|Any CPU.ActiveCfg = Debug|Any CPU
		{CCC6EC3A-9208-41C5-9B54-788D7BFC5AF6}.Debug|Any CPU.Build.0 = Debug|Any CPU
		{CCC6EC3A-9208-41C5-9B54-788D7BFC5AF6}.Release|Any CPU.ActiveCfg = Release|Any CPU
		{CCC6EC3A-9208-41C5-9B54-788D7BFC5AF6}.Release|Any CPU.Build.0 = Release|Any CPU
	EndGlobalSection
	GlobalSection(SolutionProperties) = preSolution
		HideSolutionNode = FALSE
	EndGlobalSection
	GlobalSection(ExtensibilityGlobals) = postSolution
		SolutionGuid = {A2FB2ACD-B43A-4161-AF46-A1DA324DCFDF}
	EndGlobalSection
EndGlobal
