
Microsoft Visual Studio Solution File, Format Version 12.00
# Visual Studio Version 17
VisualStudioVersion = 17.7.34031.279
MinimumVisualStudioVersion = 10.0.40219.1
Project("{FAE04EC0-301F-11D3-BF4B-00C04F79EFBC}") = "Les5Opdracht1", "Les5Opdracht1\Les5Opdracht1.csproj", "{AE003758-DC48-42FE-9548-BF4E086390FE}"
EndProject
Global
	GlobalSection(SolutionConfigurationPlatforms) = preSolution
		Debug|Any CPU = Debug|Any CPU
		Release|Any CPU = Release|Any CPU
	EndGlobalSection
	GlobalSection(ProjectConfigurationPlatforms) = postSolution
		{AE003758-DC48-42FE-9548-BF4E086390FE}.Debug|Any CPU.ActiveCfg = Debug|Any CPU
		{AE003758-DC48-42FE-9548-BF4E086390FE}.Debug|Any CPU.Build.0 = Debug|Any CPU
		{AE003758-DC48-42FE-9548-BF4E086390FE}.Release|Any CPU.ActiveCfg = Release|Any CPU
		{AE003758-DC48-42FE-9548-BF4E086390FE}.Release|Any CPU.Build.0 = Release|Any CPU
	EndGlobalSection
	GlobalSection(SolutionProperties) = preSolution
		HideSolutionNode = FALSE
	EndGlobalSection
	GlobalSection(ExtensibilityGlobals) = postSolution
		SolutionGuid = {C141F65F-06BA-488F-A9B6-24DBE90EA106}
	EndGlobalSection
EndGlobal
