
Microsoft Visual Studio Solution File, Format Version 12.00
# Visual Studio Version 17
VisualStudioVersion = 17.7.34031.279
MinimumVisualStudioVersion = 10.0.40219.1
Project("{FAE04EC0-301F-11D3-BF4B-00C04F79EFBC}") = "JustinMunkOperatorenBooleans2", "JustinMunkOperatorenBooleans2\JustinMunkOperatorenBooleans2.csproj", "{5CBBCC85-5139-490D-A033-C818BDF1050E}"
EndProject
Global
	GlobalSection(SolutionConfigurationPlatforms) = preSolution
		Debug|Any CPU = Debug|Any CPU
		Release|Any CPU = Release|Any CPU
	EndGlobalSection
	GlobalSection(ProjectConfigurationPlatforms) = postSolution
		{5CBBCC85-5139-490D-A033-C818BDF1050E}.Debug|Any CPU.ActiveCfg = Debug|Any CPU
		{5CBBCC85-5139-490D-A033-C818BDF1050E}.Debug|Any CPU.Build.0 = Debug|Any CPU
		{5CBBCC85-5139-490D-A033-C818BDF1050E}.Release|Any CPU.ActiveCfg = Release|Any CPU
		{5CBBCC85-5139-490D-A033-C818BDF1050E}.Release|Any CPU.Build.0 = Release|Any CPU
	EndGlobalSection
	GlobalSection(SolutionProperties) = preSolution
		HideSolutionNode = FALSE
	EndGlobalSection
	GlobalSection(ExtensibilityGlobals) = postSolution
		SolutionGuid = {DBFA10C0-0706-48D4-8E17-47A0AF075343}
	EndGlobalSection
EndGlobal
