
Microsoft Visual Studio Solution File, Format Version 12.00
# Visual Studio Version 17
VisualStudioVersion = 17.7.34031.279
MinimumVisualStudioVersion = 10.0.40219.1
Project("{FAE04EC0-301F-11D3-BF4B-00C04F79EFBC}") = "Les8Opdracht2", "Les8Opdracht2\Les8Opdracht2.csproj", "{9ECE7FBA-15D6-4193-8C48-F6319CE33D9C}"
EndProject
Global
	GlobalSection(SolutionConfigurationPlatforms) = preSolution
		Debug|Any CPU = Debug|Any CPU
		Release|Any CPU = Release|Any CPU
	EndGlobalSection
	GlobalSection(ProjectConfigurationPlatforms) = postSolution
		{9ECE7FBA-15D6-4193-8C48-F6319CE33D9C}.Debug|Any CPU.ActiveCfg = Debug|Any CPU
		{9ECE7FBA-15D6-4193-8C48-F6319CE33D9C}.Debug|Any CPU.Build.0 = Debug|Any CPU
		{9ECE7FBA-15D6-4193-8C48-F6319CE33D9C}.Release|Any CPU.ActiveCfg = Release|Any CPU
		{9ECE7FBA-15D6-4193-8C48-F6319CE33D9C}.Release|Any CPU.Build.0 = Release|Any CPU
	EndGlobalSection
	GlobalSection(SolutionProperties) = preSolution
		HideSolutionNode = FALSE
	EndGlobalSection
	GlobalSection(ExtensibilityGlobals) = postSolution
		SolutionGuid = {E8DEAE5B-5D17-4BB8-8063-688CE19199A6}
	EndGlobalSection
EndGlobal
