
Microsoft Visual Studio Solution File, Format Version 12.00
# Visual Studio Version 17
VisualStudioVersion = 17.7.34031.279
MinimumVisualStudioVersion = 10.0.40219.1
Project("{FAE04EC0-301F-11D3-BF4B-00C04F79EFBC}") = "Les4opdracht1", "Les4opdracht1\Les4opdracht1.csproj", "{8780C27D-64F2-439E-A140-8D2793C62A45}"
EndProject
Global
	GlobalSection(SolutionConfigurationPlatforms) = preSolution
		Debug|Any CPU = Debug|Any CPU
		Release|Any CPU = Release|Any CPU
	EndGlobalSection
	GlobalSection(ProjectConfigurationPlatforms) = postSolution
		{8780C27D-64F2-439E-A140-8D2793C62A45}.Debug|Any CPU.ActiveCfg = Debug|Any CPU
		{8780C27D-64F2-439E-A140-8D2793C62A45}.Debug|Any CPU.Build.0 = Debug|Any CPU
		{8780C27D-64F2-439E-A140-8D2793C62A45}.Release|Any CPU.ActiveCfg = Release|Any CPU
		{8780C27D-64F2-439E-A140-8D2793C62A45}.Release|Any CPU.Build.0 = Release|Any CPU
	EndGlobalSection
	GlobalSection(SolutionProperties) = preSolution
		HideSolutionNode = FALSE
	EndGlobalSection
	GlobalSection(ExtensibilityGlobals) = postSolution
		SolutionGuid = {0991CD1E-B17E-47D7-91C4-1942171E50D9}
	EndGlobalSection
EndGlobal
