
Microsoft Visual Studio Solution File, Format Version 12.00
# Visual Studio Version 17
VisualStudioVersion = 17.7.34031.279
MinimumVisualStudioVersion = 10.0.40219.1
Project("{FAE04EC0-301F-11D3-BF4B-00C04F79EFBC}") = "Les4Opdracht2", "Les4Opdracht2\Les4Opdracht2.csproj", "{C7C89509-FC9C-482C-ACB8-8B363CB08B57}"
EndProject
Global
	GlobalSection(SolutionConfigurationPlatforms) = preSolution
		Debug|Any CPU = Debug|Any CPU
		Release|Any CPU = Release|Any CPU
	EndGlobalSection
	GlobalSection(ProjectConfigurationPlatforms) = postSolution
		{C7C89509-FC9C-482C-ACB8-8B363CB08B57}.Debug|Any CPU.ActiveCfg = Debug|Any CPU
		{C7C89509-FC9C-482C-ACB8-8B363CB08B57}.Debug|Any CPU.Build.0 = Debug|Any CPU
		{C7C89509-FC9C-482C-ACB8-8B363CB08B57}.Release|Any CPU.ActiveCfg = Release|Any CPU
		{C7C89509-FC9C-482C-ACB8-8B363CB08B57}.Release|Any CPU.Build.0 = Release|Any CPU
	EndGlobalSection
	GlobalSection(SolutionProperties) = preSolution
		HideSolutionNode = FALSE
	EndGlobalSection
	GlobalSection(ExtensibilityGlobals) = postSolution
		SolutionGuid = {7158C221-7B6A-4629-A872-C7363ECE4792}
	EndGlobalSection
EndGlobal
