
Microsoft Visual Studio Solution File, Format Version 12.00
# Visual Studio Version 17
VisualStudioVersion = 17.7.34031.279
MinimumVisualStudioVersion = 10.0.40219.1
Project("{FAE04EC0-301F-11D3-BF4B-00C04F79EFBC}") = "WindowsFormsApp1", "WindowsFormsApp1\WindowsFormsApp1.csproj", "{590AFDAE-1FE4-44FA-88D0-F8B070040515}"
EndProject
Global
	GlobalSection(SolutionConfigurationPlatforms) = preSolution
		Debug|Any CPU = Debug|Any CPU
		Release|Any CPU = Release|Any CPU
	EndGlobalSection
	GlobalSection(ProjectConfigurationPlatforms) = postSolution
		{590AFDAE-1FE4-44FA-88D0-F8B070040515}.Debug|Any CPU.ActiveCfg = Debug|Any CPU
		{590AFDAE-1FE4-44FA-88D0-F8B070040515}.Debug|Any CPU.Build.0 = Debug|Any CPU
		{590AFDAE-1FE4-44FA-88D0-F8B070040515}.Release|Any CPU.ActiveCfg = Release|Any CPU
		{590AFDAE-1FE4-44FA-88D0-F8B070040515}.Release|Any CPU.Build.0 = Release|Any CPU
	EndGlobalSection
	GlobalSection(SolutionProperties) = preSolution
		HideSolutionNode = FALSE
	EndGlobalSection
	GlobalSection(ExtensibilityGlobals) = postSolution
		SolutionGuid = {0F676B86-BCFC-4235-B740-6F1AE5D7BDBC}
	EndGlobalSection
EndGlobal
