
Microsoft Visual Studio Solution File, Format Version 12.00
# Visual Studio Version 17
VisualStudioVersion = 17.7.34031.279
MinimumVisualStudioVersion = 10.0.40219.1
Project("{FAE04EC0-301F-11D3-BF4B-00C04F79EFBC}") = "JustinMunkWhileLus3", "JustinMunkWhileLus3\JustinMunkWhileLus3.csproj", "{75ADC10E-2970-4CEA-8A6A-EB450E595366}"
EndProject
Global
	GlobalSection(SolutionConfigurationPlatforms) = preSolution
		Debug|Any CPU = Debug|Any CPU
		Release|Any CPU = Release|Any CPU
	EndGlobalSection
	GlobalSection(ProjectConfigurationPlatforms) = postSolution
		{75ADC10E-2970-4CEA-8A6A-EB450E595366}.Debug|Any CPU.ActiveCfg = Debug|Any CPU
		{75ADC10E-2970-4CEA-8A6A-EB450E595366}.Debug|Any CPU.Build.0 = Debug|Any CPU
		{75ADC10E-2970-4CEA-8A6A-EB450E595366}.Release|Any CPU.ActiveCfg = Release|Any CPU
		{75ADC10E-2970-4CEA-8A6A-EB450E595366}.Release|Any CPU.Build.0 = Release|Any CPU
	EndGlobalSection
	GlobalSection(SolutionProperties) = preSolution
		HideSolutionNode = FALSE
	EndGlobalSection
	GlobalSection(ExtensibilityGlobals) = postSolution
		SolutionGuid = {8F22768D-EB31-40FC-9F91-B65F27D89E76}
	EndGlobalSection
EndGlobal
