
Microsoft Visual Studio Solution File, Format Version 12.00
# Visual Studio Version 17
VisualStudioVersion = 17.7.34031.279
MinimumVisualStudioVersion = 10.0.40219.1
Project("{FAE04EC0-301F-11D3-BF4B-00C04F79EFBC}") = "Tamagotchi eindproject bramagotchi", "Tamagotchi eindproject bramagotchi\Tamagotchi eindproject bramagotchi.csproj", "{8CD0BA09-BBF2-4C24-9162-78EE8DE7553B}"
EndProject
Global
	GlobalSection(SolutionConfigurationPlatforms) = preSolution
		Debug|Any CPU = Debug|Any CPU
		Release|Any CPU = Release|Any CPU
	EndGlobalSection
	GlobalSection(ProjectConfigurationPlatforms) = postSolution
		{8CD0BA09-BBF2-4C24-9162-78EE8DE7553B}.Debug|Any CPU.ActiveCfg = Debug|Any CPU
		{8CD0BA09-BBF2-4C24-9162-78EE8DE7553B}.Debug|Any CPU.Build.0 = Debug|Any CPU
		{8CD0BA09-BBF2-4C24-9162-78EE8DE7553B}.Release|Any CPU.ActiveCfg = Release|Any CPU
		{8CD0BA09-BBF2-4C24-9162-78EE8DE7553B}.Release|Any CPU.Build.0 = Release|Any CPU
	EndGlobalSection
	GlobalSection(SolutionProperties) = preSolution
		HideSolutionNode = FALSE
	EndGlobalSection
	GlobalSection(ExtensibilityGlobals) = postSolution
		SolutionGuid = {813370B0-2066-4687-8B27-E3663D7952E1}
	EndGlobalSection
EndGlobal
