
Microsoft Visual Studio Solution File, Format Version 12.00
# Visual Studio Version 17
VisualStudioVersion = 17.7.34031.279
MinimumVisualStudioVersion = 10.0.40219.1
Project("{FAE04EC0-301F-11D3-BF4B-00C04F79EFBC}") = "Les2Opdracht2", "Les2Opdracht2\Les2Opdracht2.csproj", "{79B6AC6F-0497-46A9-838A-7FC2507BE58E}"
EndProject
Global
	GlobalSection(SolutionConfigurationPlatforms) = preSolution
		Debug|Any CPU = Debug|Any CPU
		Release|Any CPU = Release|Any CPU
	EndGlobalSection
	GlobalSection(ProjectConfigurationPlatforms) = postSolution
		{79B6AC6F-0497-46A9-838A-7FC2507BE58E}.Debug|Any CPU.ActiveCfg = Debug|Any CPU
		{79B6AC6F-0497-46A9-838A-7FC2507BE58E}.Debug|Any CPU.Build.0 = Debug|Any CPU
		{79B6AC6F-0497-46A9-838A-7FC2507BE58E}.Release|Any CPU.ActiveCfg = Release|Any CPU
		{79B6AC6F-0497-46A9-838A-7FC2507BE58E}.Release|Any CPU.Build.0 = Release|Any CPU
	EndGlobalSection
	GlobalSection(SolutionProperties) = preSolution
		HideSolutionNode = FALSE
	EndGlobalSection
	GlobalSection(ExtensibilityGlobals) = postSolution
		SolutionGuid = {BBD32C8B-B45D-4789-B596-33552FF04016}
	EndGlobalSection
EndGlobal
