
Microsoft Visual Studio Solution File, Format Version 12.00
# Visual Studio Version 17
VisualStudioVersion = 17.7.34031.279
MinimumVisualStudioVersion = 10.0.40219.1
Project("{FAE04EC0-301F-11D3-BF4B-00C04F79EFBC}") = "JustinMunkTestenOpdracht4", "JustinMunkTestenOpdracht4\JustinMunkTestenOpdracht4.csproj", "{BF6497C2-7DE1-4F2A-8414-D920C2D8D390}"
EndProject
Global
	GlobalSection(SolutionConfigurationPlatforms) = preSolution
		Debug|Any CPU = Debug|Any CPU
		Release|Any CPU = Release|Any CPU
	EndGlobalSection
	GlobalSection(ProjectConfigurationPlatforms) = postSolution
		{BF6497C2-7DE1-4F2A-8414-D920C2D8D390}.Debug|Any CPU.ActiveCfg = Debug|Any CPU
		{BF6497C2-7DE1-4F2A-8414-D920C2D8D390}.Debug|Any CPU.Build.0 = Debug|Any CPU
		{BF6497C2-7DE1-4F2A-8414-D920C2D8D390}.Release|Any CPU.ActiveCfg = Release|Any CPU
		{BF6497C2-7DE1-4F2A-8414-D920C2D8D390}.Release|Any CPU.Build.0 = Release|Any CPU
	EndGlobalSection
	GlobalSection(SolutionProperties) = preSolution
		HideSolutionNode = FALSE
	EndGlobalSection
	GlobalSection(ExtensibilityGlobals) = postSolution
		SolutionGuid = {F65D0508-51A7-451D-909E-E9619C3D2D2D}
	EndGlobalSection
EndGlobal
