
Microsoft Visual Studio Solution File, Format Version 12.00
# Visual Studio Version 17
VisualStudioVersion = 17.7.34031.279
MinimumVisualStudioVersion = 10.0.40219.1
Project("{FAE04EC0-301F-11D3-BF4B-00C04F79EFBC}") = "Les3Opdracht1", "Les3Opdracht1\Les3Opdracht1.csproj", "{DA0FD703-6B6E-409A-932F-367D08A14307}"
EndProject
Global
	GlobalSection(SolutionConfigurationPlatforms) = preSolution
		Debug|Any CPU = Debug|Any CPU
		Release|Any CPU = Release|Any CPU
	EndGlobalSection
	GlobalSection(ProjectConfigurationPlatforms) = postSolution
		{DA0FD703-6B6E-409A-932F-367D08A14307}.Debug|Any CPU.ActiveCfg = Debug|Any CPU
		{DA0FD703-6B6E-409A-932F-367D08A14307}.Debug|Any CPU.Build.0 = Debug|Any CPU
		{DA0FD703-6B6E-409A-932F-367D08A14307}.Release|Any CPU.ActiveCfg = Release|Any CPU
		{DA0FD703-6B6E-409A-932F-367D08A14307}.Release|Any CPU.Build.0 = Release|Any CPU
	EndGlobalSection
	GlobalSection(SolutionProperties) = preSolution
		HideSolutionNode = FALSE
	EndGlobalSection
	GlobalSection(ExtensibilityGlobals) = postSolution
		SolutionGuid = {DE1D3A64-FA7A-43B6-BE56-E9948D713B18}
	EndGlobalSection
EndGlobal
